
Microsoft Visual Studio Solution File, Format Version 12.00
# Visual Studio Version 17
VisualStudioVersion = 17.1.32421.90
MinimumVisualStudioVersion = 10.0.40219.1
Project("{E24C65DC-7377-472B-9ABA-BC803B73C61A}") = "happybody_pt", ".", "{952EA04B-25FE-4DA4-B286-66FCDA81DD09}"
	ProjectSection(WebsiteProperties) = preProject
		TargetFrameworkMoniker = ".NETFramework,Version%3Dv4.8"
		Debug.AspNetCompiler.VirtualPath = "/localhost_64666"
		Debug.AspNetCompiler.PhysicalPath = "..\happybody_pt\"
		Debug.AspNetCompiler.TargetPath = "PrecompiledWeb\localhost_64666\"
		Debug.AspNetCompiler.Updateable = "true"
		Debug.AspNetCompiler.ForceOverwrite = "true"
		Debug.AspNetCompiler.FixedNames = "false"
		Debug.AspNetCompiler.Debug = "True"
		Release.AspNetCompiler.VirtualPath = "/localhost_64666"
		Release.AspNetCompiler.PhysicalPath = "..\happybody_pt\"
		Release.AspNetCompiler.TargetPath = "PrecompiledWeb\localhost_64666\"
		Release.AspNetCompiler.Updateable = "true"
		Release.AspNetCompiler.ForceOverwrite = "true"
		Release.AspNetCompiler.FixedNames = "false"
		Release.AspNetCompiler.Debug = "False"
		VWDPort = "64666"
		SlnRelativePath = "..\happybody_pt\"
	EndProjectSection
EndProject
Global
	GlobalSection(SolutionConfigurationPlatforms) = preSolution
		Debug|Any CPU = Debug|Any CPU
	EndGlobalSection
	GlobalSection(ProjectConfigurationPlatforms) = postSolution
		{952EA04B-25FE-4DA4-B286-66FCDA81DD09}.Debug|Any CPU.ActiveCfg = Debug|Any CPU
		{952EA04B-25FE-4DA4-B286-66FCDA81DD09}.Debug|Any CPU.Build.0 = Debug|Any CPU
	EndGlobalSection
	GlobalSection(SolutionProperties) = preSolution
		HideSolutionNode = FALSE
	EndGlobalSection
	GlobalSection(ExtensibilityGlobals) = postSolution
		SolutionGuid = {71E814EA-736C-4C4B-9CBD-13AD48D81CC4}
	EndGlobalSection
EndGlobal
